
Microsoft Visual Studio Solution File, Format Version 12.00
# Visual Studio Version 17
VisualStudioVersion = 17.8.34511.84
MinimumVisualStudioVersion = 10.0.40219.1
Project("{9A19103F-16F7-4668-BE54-9A1E7A4F7556}") = "apibronco.bronco.com.br", "apibronco.bronco.com.br.csproj", "{FEB91CFE-2276-427A-B98A-D72EC229B1C5}"
EndProject
Global
	GlobalSection(SolutionConfigurationPlatforms) = preSolution
		Debug|Any CPU = Debug|Any CPU
		Release|Any CPU = Release|Any CPU
	EndGlobalSection
	GlobalSection(ProjectConfigurationPlatforms) = postSolution
		{FEB91CFE-2276-427A-B98A-D72EC229B1C5}.Debug|Any CPU.ActiveCfg = Debug|Any CPU
		{FEB91CFE-2276-427A-B98A-D72EC229B1C5}.Debug|Any CPU.Build.0 = Debug|Any CPU
		{FEB91CFE-2276-427A-B98A-D72EC229B1C5}.Release|Any CPU.ActiveCfg = Release|Any CPU
		{FEB91CFE-2276-427A-B98A-D72EC229B1C5}.Release|Any CPU.Build.0 = Release|Any CPU
	EndGlobalSection
	GlobalSection(SolutionProperties) = preSolution
		HideSolutionNode = FALSE
	EndGlobalSection
	GlobalSection(ExtensibilityGlobals) = postSolution
		SolutionGuid = {C95A777A-0BD9-47C6-87A1-A7EF13B115E9}
	EndGlobalSection
EndGlobal
